// !$*UTF8*$!
{
	archiveVersion = 1;
	classes = {
	};
	objectVersion = 48;
	objects = {

/* Begin PBXBuildFile section */
		3FE7918D1FCB96250042EF3C /* AppDelegate.swift in Sources */ = {isa = PBXBuildFile; fileRef = 3FE7918C1FCB96250042EF3C /* AppDelegate.swift */; };
		3FE7918F1FCB96250042EF3C /* ViewController.swift in Sources */ = {isa = PBXBuildFile; fileRef = 3FE7918E1FCB96250042EF3C /* ViewController.swift */; };
		3FE791921FCB96250042EF3C /* Main.storyboard in Resources */ = {isa = PBXBuildFile; fileRef = 3FE791901FCB96250042EF3C /* Main.storyboard */; };
		3FE791941FCB96250042EF3C /* Assets.xcassets in Resources */ = {isa = PBXBuildFile; fileRef = 3FE791931FCB96250042EF3C /* Assets.xcassets */; };
		3FE791971FCB96250042EF3C /* LaunchScreen.storyboard in Resources */ = {isa = PBXBuildFile; fileRef = 3FE791951FCB96250042EF3C /* LaunchScreen.storyboard */; };
		3FE791A21FCB96250042EF3C /* LookMaItDrawsTests.swift in Sources */ = {isa = PBXBuildFile; fileRef = 3FE791A11FCB96250042EF3C /* LookMaItDrawsTests.swift */; };
		3FE791AD1FCB96250042EF3C /* LookMaItDrawsUITests.swift in Sources */ = {isa = PBXBuildFile; fileRef = 3FE791AC1FCB96250042EF3C /* LookMaItDrawsUITests.swift */; };
		3FE791BB1FCB96800042EF3C /* SquiggleView.swift in Sources */ = {isa = PBXBuildFile; fileRef = 3FE791BA1FCB96800042EF3C /* SquiggleView.swift */; };
/* End PBXBuildFile section */

/* Begin PBXContainerItemProxy section */
		3FE7919E1FCB96250042EF3C /* PBXContainerItemProxy */ = {
			isa = PBXContainerItemProxy;
			containerPortal = 3FE791811FCB96250042EF3C /* Project object */;
			proxyType = 1;
			remoteGlobalIDString = 3FE791881FCB96250042EF3C;
			remoteInfo = LookMaItDraws;
		};
		3FE791A91FCB96250042EF3C /* PBXContainerItemProxy */ = {
			isa = PBXContainerItemProxy;
			containerPortal = 3FE791811FCB96250042EF3C /* Project object */;
			proxyType = 1;
			remoteGlobalIDString = 3FE791881FCB96250042EF3C;
			remoteInfo = LookMaItDraws;
		};
/* End PBXContainerItemProxy section */

/* Begin PBXFileReference section */
		3FE791891FCB96250042EF3C /* LookMaItDraws.app */ = {isa = PBXFileReference; explicitFileType = wrapper.application; includeInIndex = 0; path = LookMaItDraws.app; sourceTree = BUILT_PRODUCTS_DIR; };
		3FE7918C1FCB96250042EF3C /* AppDelegate.swift */ = {isa = PBXFileReference; lastKnownFileType = sourcecode.swift; path = AppDelegate.swift; sourceTree = "<group>"; };
		3FE7918E1FCB96250042EF3C /* ViewController.swift */ = {isa = PBXFileReference; lastKnownFileType = sourcecode.swift; path = ViewController.swift; sourceTree = "<group>"; };
		3FE791911FCB96250042EF3C /* Base */ = {isa = PBXFileReference; lastKnownFileType = file.storyboard; name = Base; path = Base.lproj/Main.storyboard; sourceTree = "<group>"; };
		3FE791931FCB96250042EF3C /* Assets.xcassets */ = {isa = PBXFileReference; lastKnownFileType = folder.assetcatalog; path = Assets.xcassets; sourceTree = "<group>"; };
		3FE791961FCB96250042EF3C /* Base */ = {isa = PBXFileReference; lastKnownFileType = file.storyboard; name = Base; path = Base.lproj/LaunchScreen.storyboard; sourceTree = "<group>"; };
		3FE791981FCB96250042EF3C /* Info.plist */ = {isa = PBXFileReference; lastKnownFileType = text.plist.xml; path = Info.plist; sourceTree = "<group>"; };
		3FE7919D1FCB96250042EF3C /* LookMaItDrawsTests.xctest */ = {isa = PBXFileReference; explicitFileType = wrapper.cfbundle; includeInIndex = 0; path = LookMaItDrawsTests.xctest; sourceTree = BUILT_PRODUCTS_DIR; };
		3FE791A11FCB96250042EF3C /* LookMaItDrawsTests.swift */ = {isa = PBXFileReference; lastKnownFileType = sourcecode.swift; path = LookMaItDrawsTests.swift; sourceTree = "<group>"; };
		3FE791A31FCB96250042EF3C /* Info.plist */ = {isa = PBXFileReference; lastKnownFileType = text.plist.xml; path = Info.plist; sourceTree = "<group>"; };
		3FE791A81FCB96250042EF3C /* LookMaItDrawsUITests.xctest */ = {isa = PBXFileReference; explicitFileType = wrapper.cfbundle; includeInIndex = 0; path = LookMaItDrawsUITests.xctest; sourceTree = BUILT_PRODUCTS_DIR; };
		3FE791AC1FCB96250042EF3C /* LookMaItDrawsUITests.swift */ = {isa = PBXFileReference; lastKnownFileType = sourcecode.swift; path = LookMaItDrawsUITests.swift; sourceTree = "<group>"; };
		3FE791AE1FCB96250042EF3C /* Info.plist */ = {isa = PBXFileReference; lastKnownFileType = text.plist.xml; path = Info.plist; sourceTree = "<group>"; };
		3FE791BA1FCB96800042EF3C /* SquiggleView.swift */ = {isa = PBXFileReference; lastKnownFileType = sourcecode.swift; path = SquiggleView.swift; sourceTree = "<group>"; };
/* End PBXFileReference section */

/* Begin PBXFrameworksBuildPhase section */
		3FE791861FCB96250042EF3C /* Frameworks */ = {
			isa = PBXFrameworksBuildPhase;
			buildActionMask = 2147483647;
			files = (
			);
			runOnlyForDeploymentPostprocessing = 0;
		};
		3FE7919A1FCB96250042EF3C /* Frameworks */ = {
			isa = PBXFrameworksBuildPhase;
			buildActionMask = 2147483647;
			files = (
			);
			runOnlyForDeploymentPostprocessing = 0;
		};
		3FE791A51FCB96250042EF3C /* Frameworks */ = {
			isa = PBXFrameworksBuildPhase;
			buildActionMask = 2147483647;
			files = (
			);
			runOnlyForDeploymentPostprocessing = 0;
		};
/* End PBXFrameworksBuildPhase section */

/* Begin PBXGroup section */
		3FE791801FCB96250042EF3C = {
			isa = PBXGroup;
			children = (
				3FE7918B1FCB96250042EF3C /* LookMaItDraws */,
				3FE791A01FCB96250042EF3C /* LookMaItDrawsTests */,
				3FE791AB1FCB96250042EF3C /* LookMaItDrawsUITests */,
				3FE7918A1FCB96250042EF3C /* Products */,
			);
			sourceTree = "<group>";
		};
		3FE7918A1FCB96250042EF3C /* Products */ = {
			isa = PBXGroup;
			children = (
				3FE791891FCB96250042EF3C /* LookMaItDraws.app */,
				3FE7919D1FCB96250042EF3C /* LookMaItDrawsTests.xctest */,
				3FE791A81FCB96250042EF3C /* LookMaItDrawsUITests.xctest */,
			);
			name = Products;
			sourceTree = "<group>";
		};
		3FE7918B1FCB96250042EF3C /* LookMaItDraws */ = {
			isa = PBXGroup;
			children = (
				3FE7918C1FCB96250042EF3C /* AppDelegate.swift */,
				3FE791BA1FCB96800042EF3C /* SquiggleView.swift */,
				3FE7918E1FCB96250042EF3C /* ViewController.swift */,
				3FE791901FCB96250042EF3C /* Main.storyboard */,
				3FE791931FCB96250042EF3C /* Assets.xcassets */,
				3FE791951FCB96250042EF3C /* LaunchScreen.storyboard */,
				3FE791981FCB96250042EF3C /* Info.plist */,
			);
			path = LookMaItDraws;
			sourceTree = "<group>";
		};
		3FE791A01FCB96250042EF3C /* LookMaItDrawsTests */ = {
			isa = PBXGroup;
			children = (
				3FE791A11FCB96250042EF3C /* LookMaItDrawsTests.swift */,
				3FE791A31FCB96250042EF3C /* Info.plist */,
			);
			path = LookMaItDrawsTests;
			sourceTree = "<group>";
		};
		3FE791AB1FCB96250042EF3C /* LookMaItDrawsUITests */ = {
			isa = PBXGroup;
			children = (
				3FE791AC1FCB96250042EF3C /* LookMaItDrawsUITests.swift */,
				3FE791AE1FCB96250042EF3C /* Info.plist */,
			);
			path = LookMaItDrawsUITests;
			sourceTree = "<group>";
		};
/* End PBXGroup section */

/* Begin PBXNativeTarget section */
		3FE791881FCB96250042EF3C /* LookMaItDraws */ = {
			isa = PBXNativeTarget;
			buildConfigurationList = 3FE791B11FCB96250042EF3C /* Build configuration list for PBXNativeTarget "LookMaItDraws" */;
			buildPhases = (
				3FE791851FCB96250042EF3C /* Sources */,
				3FE791861FCB96250042EF3C /* Frameworks */,
				3FE791871FCB96250042EF3C /* Resources */,
			);
			buildRules = (
			);
			dependencies = (
			);
			name = LookMaItDraws;
			productName = LookMaItDraws;
			productReference = 3FE791891FCB96250042EF3C /* LookMaItDraws.app */;
			productType = "com.apple.product-type.application";
		};
		3FE7919C1FCB96250042EF3C /* LookMaItDrawsTests */ = {
			isa = PBXNativeTarget;
			buildConfigurationList = 3FE791B41FCB96250042EF3C /* Build configuration list for PBXNativeTarget "LookMaItDrawsTests" */;
			buildPhases = (
				3FE791991FCB96250042EF3C /* Sources */,
				3FE7919A1FCB96250042EF3C /* Frameworks */,
				3FE7919B1FCB96250042EF3C /* Resources */,
			);
			buildRules = (
			);
			dependencies = (
				3FE7919F1FCB96250042EF3C /* PBXTargetDependency */,
			);
			name = LookMaItDrawsTests;
			productName = LookMaItDrawsTests;
			productReference = 3FE7919D1FCB96250042EF3C /* LookMaItDrawsTests.xctest */;
			productType = "com.apple.product-type.bundle.unit-test";
		};
		3FE791A71FCB96250042EF3C /* LookMaItDrawsUITests */ = {
			isa = PBXNativeTarget;
			buildConfigurationList = 3FE791B71FCB96250042EF3C /* Build configuration list for PBXNativeTarget "LookMaItDrawsUITests" */;
			buildPhases = (
				3FE791A41FCB96250042EF3C /* Sources */,
				3FE791A51FCB96250042EF3C /* Frameworks */,
				3FE791A61FCB96250042EF3C /* Resources */,
			);
			buildRules = (
			);
			dependencies = (
				3FE791AA1FCB96250042EF3C /* PBXTargetDependency */,
			);
			name = LookMaItDrawsUITests;
			productName = LookMaItDrawsUITests;
			productReference = 3FE791A81FCB96250042EF3C /* LookMaItDrawsUITests.xctest */;
			productType = "com.apple.product-type.bundle.ui-testing";
		};
/* End PBXNativeTarget section */

/* Begin PBXProject section */
		3FE791811FCB96250042EF3C /* Project object */ = {
			isa = PBXProject;
			attributes = {
				LastSwiftUpdateCheck = 0900;
				LastUpgradeCheck = 0900;
				ORGANIZATIONNAME = "Matthew Woolery";
				TargetAttributes = {
					3FE791881FCB96250042EF3C = {
						CreatedOnToolsVersion = 9.0.1;
						ProvisioningStyle = Automatic;
					};
					3FE7919C1FCB96250042EF3C = {
						CreatedOnToolsVersion = 9.0.1;
						ProvisioningStyle = Automatic;
						TestTargetID = 3FE791881FCB96250042EF3C;
					};
					3FE791A71FCB96250042EF3C = {
						CreatedOnToolsVersion = 9.0.1;
						ProvisioningStyle = Automatic;
						TestTargetID = 3FE791881FCB96250042EF3C;
					};
				};
			};
			buildConfigurationList = 3FE791841FCB96250042EF3C /* Build configuration list for PBXProject "LookMaItDraws" */;
			compatibilityVersion = "Xcode 8.0";
			developmentRegion = en;
			hasScannedForEncodings = 0;
			knownRegions = (
				en,
				Base,
			);
			mainGroup = 3FE791801FCB96250042EF3C;
			productRefGroup = 3FE7918A1FCB96250042EF3C /* Products */;
			projectDirPath = "";
			projectRoot = "";
			targets = (
				3FE791881FCB96250042EF3C /* LookMaItDraws */,
				3FE7919C1FCB96250042EF3C /* LookMaItDrawsTests */,
				3FE791A71FCB96250042EF3C /* LookMaItDrawsUITests */,
			);
		};
/* End PBXProject section */

/* Begin PBXResourcesBuildPhase section */
		3FE791871FCB96250042EF3C /* Resources */ = {
			isa = PBXResourcesBuildPhase;
			buildActionMask = 2147483647;
			files = (
				3FE791971FCB96250042EF3C /* LaunchScreen.storyboard in Resources */,
				3FE791941FCB96250042EF3C /* Assets.xcassets in Resources */,
				3FE791921FCB96250042EF3C /* Main.storyboard in Resources */,
			);
			runOnlyForDeploymentPostprocessing = 0;
		};
		3FE7919B1FCB96250042EF3C /* Resources */ = {
			isa = PBXResourcesBuildPhase;
			buildActionMask = 2147483647;
			files = (
			);
			runOnlyForDeploymentPostprocessing = 0;
		};
		3FE791A61FCB96250042EF3C /* Resources */ = {
			isa = PBXResourcesBuildPhase;
			buildActionMask = 2147483647;
			files = (
			);
			runOnlyForDeploymentPostprocessing = 0;
		};
/* End PBXResourcesBuildPhase section */

/* Begin PBXSourcesBuildPhase section */
		3FE791851FCB96250042EF3C /* Sources */ = {
			isa = PBXSourcesBuildPhase;
			buildActionMask = 2147483647;
			files = (
				3FE7918F1FCB96250042EF3C /* ViewController.swift in Sources */,
				3FE791BB1FCB96800042EF3C /* SquiggleView.swift in Sources */,
				3FE7918D1FCB96250042EF3C /* AppDelegate.swift in Sources */,
			);
			runOnlyForDeploymentPostprocessing = 0;
		};
		3FE791991FCB96250042EF3C /* Sources */ = {
			isa = PBXSourcesBuildPhase;
			buildActionMask = 2147483647;
			files = (
				3FE791A21FCB96250042EF3C /* LookMaItDrawsTests.swift in Sources */,
			);
			runOnlyForDeploymentPostprocessing = 0;
		};
		3FE791A41FCB96250042EF3C /* Sources */ = {
			isa = PBXSourcesBuildPhase;
			buildActionMask = 2147483647;
			files = (
				3FE791AD1FCB96250042EF3C /* LookMaItDrawsUITests.swift in Sources */,
			);
			runOnlyForDeploymentPostprocessing = 0;
		};
/* End PBXSourcesBuildPhase section */

/* Begin PBXTargetDependency section */
		3FE7919F1FCB96250042EF3C /* PBXTargetDependency */ = {
			isa = PBXTargetDependency;
			target = 3FE791881FCB96250042EF3C /* LookMaItDraws */;
			targetProxy = 3FE7919E1FCB96250042EF3C /* PBXContainerItemProxy */;
		};
		3FE791AA1FCB96250042EF3C /* PBXTargetDependency */ = {
			isa = PBXTargetDependency;
			target = 3FE791881FCB96250042EF3C /* LookMaItDraws */;
			targetProxy = 3FE791A91FCB96250042EF3C /* PBXContainerItemProxy */;
		};
/* End PBXTargetDependency section */

/* Begin PBXVariantGroup section */
		3FE791901FCB96250042EF3C /* Main.storyboard */ = {
			isa = PBXVariantGroup;
			children = (
				3FE791911FCB96250042EF3C /* Base */,
			);
			name = Main.storyboard;
			sourceTree = "<group>";
		};
		3FE791951FCB96250042EF3C /* LaunchScreen.storyboard */ = {
			isa = PBXVariantGroup;
			children = (
				3FE791961FCB96250042EF3C /* Base */,
			);
			name = LaunchScreen.storyboard;
			sourceTree = "<group>";
		};
/* End PBXVariantGroup section */

/* Begin XCBuildConfiguration section */
		3FE791AF1FCB96250042EF3C /* Debug */ = {
			isa = XCBuildConfiguration;
			buildSettings = {
				ALWAYS_SEARCH_USER_PATHS = NO;
				CLANG_ANALYZER_NONNULL = YES;
				CLANG_ANALYZER_NUMBER_OBJECT_CONVERSION = YES_AGGRESSIVE;
				CLANG_CXX_LANGUAGE_STANDARD = "gnu++14";
				CLANG_CXX_LIBRARY = "libc++";
				CLANG_ENABLE_MODULES = YES;
				CLANG_ENABLE_OBJC_ARC = YES;
				CLANG_WARN_BLOCK_CAPTURE_AUTORELEASING = YES;
				CLANG_WARN_BOOL_CONVERSION = YES;
				CLANG_WARN_COMMA = YES;
				CLANG_WARN_CONSTANT_CONVERSION = YES;
				CLANG_WARN_DIRECT_OBJC_ISA_USAGE = YES_ERROR;
				CLANG_WARN_DOCUMENTATION_COMMENTS = YES;
				CLANG_WARN_EMPTY_BODY = YES;
				CLANG_WARN_ENUM_CONVERSION = YES;
				CLANG_WARN_INFINITE_RECURSION = YES;
				CLANG_WARN_INT_CONVERSION = YES;
				CLANG_WARN_NON_LITERAL_NULL_CONVERSION = YES;
				CLANG_WARN_OBJC_LITERAL_CONVERSION = YES;
				CLANG_WARN_OBJC_ROOT_CLASS = YES_ERROR;
				CLANG_WARN_RANGE_LOOP_ANALYSIS = YES;
				CLANG_WARN_STRICT_PROTOTYPES = YES;
				CLANG_WARN_SUSPICIOUS_MOVE = YES;
				CLANG_WARN_UNGUARDED_AVAILABILITY = YES_AGGRESSIVE;
				CLANG_WARN_UNREACHABLE_CODE = YES;
				CLANG_WARN__DUPLICATE_METHOD_MATCH = YES;
				CODE_SIGN_IDENTITY = "iPhone Developer";
				COPY_PHASE_STRIP = NO;
				DEBUG_INFORMATION_FORMAT = dwarf;
				ENABLE_STRICT_OBJC_MSGSEND = YES;
				ENABLE_TESTABILITY = YES;
				GCC_C_LANGUAGE_STANDARD = gnu11;
				GCC_DYNAMIC_NO_PIC = NO;
				GCC_NO_COMMON_BLOCKS = YES;
				GCC_OPTIMIZATION_LEVEL = 0;
				GCC_PREPROCESSOR_DEFINITIONS = (
					"DEBUG=1",
					"$(inherited)",
				);
				GCC_WARN_64_TO_32_BIT_CONVERSION = YES;
				GCC_WARN_ABOUT_RETURN_TYPE = YES_ERROR;
				GCC_WARN_UNDECLARED_SELECTOR = YES;
				GCC_WARN_UNINITIALIZED_AUTOS = YES_AGGRESSIVE;
				GCC_WARN_UNUSED_FUNCTION = YES;
				GCC_WARN_UNUSED_VARIABLE = YES;
				IPHONEOS_DEPLOYMENT_TARGET = 11.0;
				MTL_ENABLE_DEBUG_INFO = YES;
				ONLY_ACTIVE_ARCH = YES;
				SDKROOT = iphoneos;
				SWIFT_ACTIVE_COMPILATION_CONDITIONS = DEBUG;
				SWIFT_OPTIMIZATION_LEVEL = "-Onone";
			};
			name = Debug;
		};
		3FE791B01FCB96250042EF3C /* Release */ = {
			isa = XCBuildConfiguration;
			buildSettings = {
				ALWAYS_SEARCH_USER_PATHS = NO;
				CLANG_ANALYZER_NONNULL = YES;
				CLANG_ANALYZER_NUMBER_OBJECT_CONVERSION = YES_AGGRESSIVE;
				CLANG_CXX_LANGUAGE_STANDARD = "gnu++14";
				CLANG_CXX_LIBRARY = "libc++";
				CLANG_ENABLE_MODULES = YES;
				CLANG_ENABLE_OBJC_ARC = YES;
				CLANG_WARN_BLOCK_CAPTURE_AUTORELEASING = YES;
				CLANG_WARN_BOOL_CONVERSION = YES;
				CLANG_WARN_COMMA = YES;
				CLANG_WARN_CONSTANT_CONVERSION = YES;
				CLANG_WARN_DIRECT_OBJC_ISA_USAGE = YES_ERROR;
				CLANG_WARN_DOCUMENTATION_COMMENTS = YES;
				CLANG_WARN_EMPTY_BODY = YES;
				CLANG_WARN_ENUM_CONVERSION = YES;
				CLANG_WARN_INFINITE_RECURSION = YES;
				CLANG_WARN_INT_CONVERSION = YES;
				CLANG_WARN_NON_LITERAL_NULL_CONVERSION = YES;
				CLANG_WARN_OBJC_LITERAL_CONVERSION = YES;
				CLANG_WARN_OBJC_ROOT_CLASS = YES_ERROR;
				CLANG_WARN_RANGE_LOOP_ANALYSIS = YES;
				CLANG_WARN_STRICT_PROTOTYPES = YES;
				CLANG_WARN_SUSPICIOUS_MOVE = YES;
				CLANG_WARN_UNGUARDED_AVAILABILITY = YES_AGGRESSIVE;
				CLANG_WARN_UNREACHABLE_CODE = YES;
				CLANG_WARN__DUPLICATE_METHOD_MATCH = YES;
				CODE_SIGN_IDENTITY = "iPhone Developer";
				COPY_PHASE_STRIP = NO;
				DEBUG_INFORMATION_FORMAT = "dwarf-with-dsym";
				ENABLE_NS_ASSERTIONS = NO;
				ENABLE_STRICT_OBJC_MSGSEND = YES;
				GCC_C_LANGUAGE_STANDARD = gnu11;
				GCC_NO_COMMON_BLOCKS = YES;
				GCC_WARN_64_TO_32_BIT_CONVERSION = YES;
				GCC_WARN_ABOUT_RETURN_TYPE = YES_ERROR;
				GCC_WARN_UNDECLARED_SELECTOR = YES;
				GCC_WARN_UNINITIALIZED_AUTOS = YES_AGGRESSIVE;
				GCC_WARN_UNUSED_FUNCTION = YES;
				GCC_WARN_UNUSED_VARIABLE = YES;
				IPHONEOS_DEPLOYMENT_TARGET = 11.0;
				MTL_ENABLE_DEBUG_INFO = NO;
				SDKROOT = iphoneos;
				SWIFT_OPTIMIZATION_LEVEL = "-Owholemodule";
				VALIDATE_PRODUCT = YES;
			};
			name = Release;
		};
		3FE791B21FCB96250042EF3C /* Debug */ = {
			isa = XCBuildConfiguration;
			buildSettings = {
				ASSETCATALOG_COMPILER_APPICON_NAME = AppIcon;
				CODE_SIGN_STYLE = Automatic;
				DEVELOPMENT_TEAM = 583N2DJ8B2;
				INFOPLIST_FILE = LookMaItDraws/Info.plist;
				LD_RUNPATH_SEARCH_PATHS = "$(inherited) @executable_path/Frameworks";
				PRODUCT_BUNDLE_IDENTIFIER = nwmissouri.edu.LookMaItDraws;
				PRODUCT_NAME = "$(TARGET_NAME)";
				SWIFT_VERSION = 4.0;
				TARGETED_DEVICE_FAMILY = "1,2";
			};
			name = Debug;
		};
		3FE791B31FCB96250042EF3C /* Release */ = {
			isa = XCBuildConfiguration;
			buildSettings = {
				ASSETCATALOG_COMPILER_APPICON_NAME = AppIcon;
				CODE_SIGN_STYLE = Automatic;
				DEVELOPMENT_TEAM = 583N2DJ8B2;
				INFOPLIST_FILE = LookMaItDraws/Info.plist;
				LD_RUNPATH_SEARCH_PATHS = "$(inherited) @executable_path/Frameworks";
				PRODUCT_BUNDLE_IDENTIFIER = nwmissouri.edu.LookMaItDraws;
				PRODUCT_NAME = "$(TARGET_NAME)";
				SWIFT_VERSION = 4.0;
				TARGETED_DEVICE_FAMILY = "1,2";
			};
			name = Release;
		};
		3FE791B51FCB96250042EF3C /* Debug */ = {
			isa = XCBuildConfiguration;
			buildSettings = {
				ALWAYS_EMBED_SWIFT_STANDARD_LIBRARIES = YES;
				BUNDLE_LOADER = "$(TEST_HOST)";
				CODE_SIGN_STYLE = Automatic;
				DEVELOPMENT_TEAM = 583N2DJ8B2;
				INFOPLIST_FILE = LookMaItDrawsTests/Info.plist;
				LD_RUNPATH_SEARCH_PATHS = "$(inherited) @executable_path/Frameworks @loader_path/Frameworks";
				PRODUCT_BUNDLE_IDENTIFIER = nwmissouri.edu.LookMaItDrawsTests;
				PRODUCT_NAME = "$(TARGET_NAME)";
				SWIFT_VERSION = 4.0;
				TARGETED_DEVICE_FAMILY = "1,2";
				TEST_HOST = "$(BUILT_PRODUCTS_DIR)/LookMaItDraws.app/LookMaItDraws";
			};
			name = Debug;
		};
		3FE791B61FCB96250042EF3C /* Release */ = {
			isa = XCBuildConfiguration;
			buildSettings = {
				ALWAYS_EMBED_SWIFT_STANDARD_LIBRARIES = YES;
				BUNDLE_LOADER = "$(TEST_HOST)";
				CODE_SIGN_STYLE = Automatic;
				DEVELOPMENT_TEAM = 583N2DJ8B2;
				INFOPLIST_FILE = LookMaItDrawsTests/Info.plist;
				LD_RUNPATH_SEARCH_PATHS = "$(inherited) @executable_path/Frameworks @loader_path/Frameworks";
				PRODUCT_BUNDLE_IDENTIFIER = nwmissouri.edu.LookMaItDrawsTests;
				PRODUCT_NAME = "$(TARGET_NAME)";
				SWIFT_VERSION = 4.0;
				TARGETED_DEVICE_FAMILY = "1,2";
				TEST_HOST = "$(BUILT_PRODUCTS_DIR)/LookMaItDraws.app/LookMaItDraws";
			};
			name = Release;
		};
		3FE791B81FCB96250042EF3C /* Debug */ = {
			isa = XCBuildConfiguration;
			buildSettings = {
				ALWAYS_EMBED_SWIFT_STANDARD_LIBRARIES = YES;
				CODE_SIGN_STYLE = Automatic;
				DEVELOPMENT_TEAM = 583N2DJ8B2;
				INFOPLIST_FILE = LookMaItDrawsUITests/Info.plist;
				LD_RUNPATH_SEARCH_PATHS = "$(inherited) @executable_path/Frameworks @loader_path/Frameworks";
				PRODUCT_BUNDLE_IDENTIFIER = nwmissouri.edu.LookMaItDrawsUITests;
				PRODUCT_NAME = "$(TARGET_NAME)";
				SWIFT_VERSION = 4.0;
				TARGETED_DEVICE_FAMILY = "1,2";
				TEST_TARGET_NAME = LookMaItDraws;
			};
			name = Debug;
		};
		3FE791B91FCB96250042EF3C /* Release */ = {
			isa = XCBuildConfiguration;
			buildSettings = {
				ALWAYS_EMBED_SWIFT_STANDARD_LIBRARIES = YES;
				CODE_SIGN_STYLE = Automatic;
				DEVELOPMENT_TEAM = 583N2DJ8B2;
				INFOPLIST_FILE = LookMaItDrawsUITests/Info.plist;
				LD_RUNPATH_SEARCH_PATHS = "$(inherited) @executable_path/Frameworks @loader_path/Frameworks";
				PRODUCT_BUNDLE_IDENTIFIER = nwmissouri.edu.LookMaItDrawsUITests;
				PRODUCT_NAME = "$(TARGET_NAME)";
				SWIFT_VERSION = 4.0;
				TARGETED_DEVICE_FAMILY = "1,2";
				TEST_TARGET_NAME = LookMaItDraws;
			};
			name = Release;
		};
/* End XCBuildConfiguration section */

/* Begin XCConfigurationList section */
		3FE791841FCB96250042EF3C /* Build configuration list for PBXProject "LookMaItDraws" */ = {
			isa = XCConfigurationList;
			buildConfigurations = (
				3FE791AF1FCB96250042EF3C /* Debug */,
				3FE791B01FCB96250042EF3C /* Release */,
			);
			defaultConfigurationIsVisible = 0;
			defaultConfigurationName = Release;
		};
		3FE791B11FCB96250042EF3C /* Build configuration list for PBXNativeTarget "LookMaItDraws" */ = {
			isa = XCConfigurationList;
			buildConfigurations = (
				3FE791B21FCB96250042EF3C /* Debug */,
				3FE791B31FCB96250042EF3C /* Release */,
			);
			defaultConfigurationIsVisible = 0;
			defaultConfigurationName = Release;
		};
		3FE791B41FCB96250042EF3C /* Build configuration list for PBXNativeTarget "LookMaItDrawsTests" */ = {
			isa = XCConfigurationList;
			buildConfigurations = (
				3FE791B51FCB96250042EF3C /* Debug */,
				3FE791B61FCB96250042EF3C /* Release */,
			);
			defaultConfigurationIsVisible = 0;
			defaultConfigurationName = Release;
		};
		3FE791B71FCB96250042EF3C /* Build configuration list for PBXNativeTarget "LookMaItDrawsUITests" */ = {
			isa = XCConfigurationList;
			buildConfigurations = (
				3FE791B81FCB96250042EF3C /* Debug */,
				3FE791B91FCB96250042EF3C /* Release */,
			);
			defaultConfigurationIsVisible = 0;
			defaultConfigurationName = Release;
		};
/* End XCConfigurationList section */
	};
	rootObject = 3FE791811FCB96250042EF3C /* Project object */;
}
